PODS:
  - Skafos (4.0.2)
  - SnapKit (5.0.0)

DEPENDENCIES:
  - Skafos (~> 4.0.2)
  - SnapKit

SPEC REPOS:
  https://github.com/cocoapods/specs.git:
    - Skafos
    - SnapKit

SPEC CHECKSUMS:
  Skafos: 95a575f9784436c9aef9f722e04ee84099101027
  SnapKit: fd22d10eb9aff484d79a8724eab922c1ddf89bcf

PODFILE CHECKSUM: 5e1661f1834de3df0c3a7c9364730996095bfc29

COCOAPODS: 1.6.1
