PODS:
  - Skafos (3.0.1)
  - SnapKit (5.0.0)

DEPENDENCIES:
  - Skafos (from `../skafos_ios_internal`)
  - SnapKit

SPEC REPOS:
  https://github.com/cocoapods/specs.git:
    - SnapKit

EXTERNAL SOURCES:
  Skafos:
    :path: "../skafos_ios_internal"

SPEC CHECKSUMS:
  Skafos: 69604bb1577ec58171e6289549a8d4761a7ca748
  SnapKit: fd22d10eb9aff484d79a8724eab922c1ddf89bcf

PODFILE CHECKSUM: 6acc948e474c9e56ebfd4b2cb0168637f9e831dd

COCOAPODS: 1.6.1
