PODS:
  - Skafos (4.0.1)
  - SnapKit (5.0.0)

DEPENDENCIES:
  - Skafos
  - SnapKit

SPEC REPOS:
  https://github.com/cocoapods/specs.git:
    - Skafos
    - SnapKit

SPEC CHECKSUMS:
  Skafos: f5873b802ce21699cb2bdffe671b048be8f63e3c
  SnapKit: fd22d10eb9aff484d79a8724eab922c1ddf89bcf

PODFILE CHECKSUM: 09811058b13a629dbc9a3797ceed944962ea52ba

COCOAPODS: 1.6.1
